
{
  "name": "OLOTC",
  "version": "1.0.0",
  "lockfileVersion": 2,
  "requires": true,
  "packages": {
    "": {
      "name": "OLOTC",
      "version": "1.0.0",
      "dependencies": {
        "@nuxtjs/axios": "^5.13.6",
        "core-js": "^3.25.3",
        "date-fns": "^2.29.3",
        "echarts": "^5.4.0",
        "nuxt": "^2.13.3",
        "nuxt-buefy": "^0.4.24",
        "vue": "^2.7.10",
        "vue-echarts": "^6.2.3",
        "vue-server-renderer": "^2.7.10",
        "vue-spinners": "^1.0.2",
        "vue-template-compiler": "^2.7.10"
      },
      "devDependencies": {
        "@babel/eslint-parser": "^7.19.1",
        "@nuxt/types": "^2.15.8",
        "@nuxt/typescript-build": "^2.1.0",