
{
  "name": "OLOTC",
  "version": "1.0.0",
  "lockfileVersion": 2,
  "requires": true,
  "packages": {
    "": {
      "name": "OLOTC",
      "version": "1.0.0",
      "dependencies": {
        "@nuxtjs/axios": "^5.13.6",
        "core-js": "^3.25.3",
        "date-fns": "^2.29.3",
        "echarts": "^5.4.0",
        "nuxt": "^2.13.3",
        "nuxt-buefy": "^0.4.24",
        "vue": "^2.7.10",
        "vue-echarts": "^6.2.3",
        "vue-server-renderer": "^2.7.10",
        "vue-spinners": "^1.0.2",
        "vue-template-compiler": "^2.7.10"
      },
      "devDependencies": {
        "@babel/eslint-parser": "^7.19.1",
        "@nuxt/types": "^2.15.8",
        "@nuxt/typescript-build": "^2.1.0",
        "@nuxtjs/composition-api": "^0.33.1",
        "@nuxtjs/eslint-config-typescript": "^11.0.0",
        "@nuxtjs/eslint-module": "^3.1.0",
        "@vue/composition-api": "^1.2.2",
        "@vue/test-utils": "^1.3.0",
        "babel-core": "7.0.0-bridge.0",
        "babel-jest": "^29.1.2",
        "eslint": "^8.24.0",
        "eslint-config-prettier": "^8.5.0",
        "eslint-plugin-jest": "^27.0.4",
        "eslint-plugin-nuxt": "^4.0.0",
        "eslint-plugin-vue": "^9.5.1",
        "jest": "^29.1.2",
        "jest-environment-jsdom": "^29.1.2",
        "prettier": "^2.7.1",
        "pug": "^3.0.2",
        "pug-plain-loader": "^1.1.0",
        "sass": "^1.55.0",
        "sass-loader": "^10.3.1",
        "ts-jest": "^29.0.3",
        "vue-jest": "^3.0.4"
      }
    },
    "node_modules/@ampproject/remapping": {
      "version": "2.2.0",
      "resolved": "https://registry.npmjs.org/@ampproject/remapping/-/remapping-2.2.0.tgz",
      "integrity": "sha512-qRmjj8nj9qmLTQXXmaR1cck3UXSRMPrbsLJAasZpF+t3riI71BXed5ebIOYwQntykeZuhjsdweEc9BxH5Jc26w==",
      "dependencies": {
        "@jridgewell/gen-mapping": "^0.1.0",
        "@jridgewell/trace-mapping": "^0.3.9"
      },
      "engines": {
        "node": ">=6.0.0"
      }
    },
    "node_modules/@babel/code-frame": {
      "version": "7.18.6",
      "resolved": "https://registry.npmjs.org/@babel/code-frame/-/code-frame-7.18.6.tgz",
      "integrity": "sha512-TDCmlK5eOvH+eH7cdAFlNXeVJqWIQ7gW9tY1GJIpUtFb6CmjVyq2VM3u71bOyR8CRihcCgMUYoDNyLXao3+70Q==",
      "dependencies": {
        "@babel/highlight": "^7.18.6"
      },
      "engines": {
        "node": ">=6.9.0"
      }
    },
    "node_modules/@babel/compat-data": {
      "version": "7.20.0",
      "resolved": "https://registry.npmjs.org/@babel/compat-data/-/compat-data-7.20.0.tgz",
      "integrity": "sha512-Gt9jszFJYq7qzXVK4slhc6NzJXnOVmRECWcVjF/T23rNXD9NtWQ0W3qxdg+p9wWIB+VQw3GYV/U2Ha9bRTfs4w==",
      "engines": {
        "node": ">=6.9.0"
      }
    },
    "node_modules/@babel/core": {
      "version": "7.19.6",
      "resolved": "https://registry.npmjs.org/@babel/core/-/core-7.19.6.tgz",
      "integrity": "sha512-D2Ue4KHpc6Ys2+AxpIx1BZ8+UegLLLE2p3KJEuJRKmokHOtl49jQ5ny1773KsGLZs8MQvBidAF6yWUJxRqtKtg==",
      "dependencies": {
        "@ampproject/remapping": "^2.1.0",
        "@babel/code-frame": "^7.18.6",
        "@babel/generator": "^7.19.6",
        "@babel/helper-compilation-targets": "^7.19.3",
        "@babel/helper-module-transforms": "^7.19.6",
        "@babel/helpers": "^7.19.4",
        "@babel/parser": "^7.19.6",
        "@babel/template": "^7.18.10",
        "@babel/traverse": "^7.19.6",
        "@babel/types": "^7.19.4",
        "convert-source-map": "^1.7.0",
        "debug": "^4.1.0",
        "gensync": "^1.0.0-beta.2",
        "json5": "^2.2.1",
        "semver": "^6.3.0"
      },
      "engines": {
        "node": ">=6.9.0"
      },
      "funding": {
        "type": "opencollective",
        "url": "https://opencollective.com/babel"
      }
    },
    "node_modules/@babel/eslint-parser": {
      "version": "7.19.1",
      "resolved": "https://registry.npmjs.org/@babel/eslint-parser/-/eslint-parser-7.19.1.tgz",
      "integrity": "sha512-AqNf2QWt1rtu2/1rLswy6CDP7H9Oh3mMhk177Y67Rg8d7RD9WfOLLv8CGn6tisFvS2htm86yIe1yLF6I1UDaGQ==",
      "dev": true,
      "dependencies": {
        "@nicolo-ribaudo/eslint-scope-5-internals": "5.1.1-v1",
        "eslint-visitor-keys": "^2.1.0",
        "semver": "^6.3.0"
      },
      "engines": {
        "node": "^10.13.0 || ^12.13.0 || >=14.0.0"
      },
      "peerDependencies": {
        "@babel/core": ">=7.11.0",
        "eslint": "^7.5.0 || ^8.0.0"
      }
    },
    "node_modules/@babel/generator": {
      "version": "7.20.0",
      "resolved": "https://registry.npmjs.org/@babel/generator/-/generator-7.20.0.tgz",
      "integrity": "sha512-GUPcXxWibClgmYJuIwC2Bc2Lg+8b9VjaJ+HlNdACEVt+Wlr1eoU1OPZjZRm7Hzl0gaTsUZNQfeihvZJhG7oc3w==",
      "dependencies": {
        "@babel/types": "^7.20.0",
        "@jridgewell/gen-mapping": "^0.3.2",
        "jsesc": "^2.5.1"
      },
      "engines": {
        "node": ">=6.9.0"
      }
    },
    "node_modules/@babel/generator/node_modules/@jridgewell/gen-mapping": {
      "version": "0.3.2",
      "resolved": "https://registry.npmjs.org/@jridgewell/gen-mapping/-/gen-mapping-0.3.2.tgz",
      "integrity": "sha512-mh65xKQAzI6iBcFzwv28KVWSmCkdRBWoOh+bYQGW3+6OZvbbN3TqMGo5hqYxQniRcH9F2VZIoJCm4pa3BPDK/A==",
      "dependencies": {
        "@jridgewell/set-array": "^1.0.1",
        "@jridgewell/sourcemap-codec": "^1.4.10",
        "@jridgewell/trace-mapping": "^0.3.9"
      },
      "engines": {
        "node": ">=6.0.0"
      }
    },
    "node_modules/@babel/helper-annotate-as-pure": {
      "version": "7.18.6",
      "resolved": "https://registry.npmjs.org/@babel/helper-annotate-as-pure/-/helper-annotate-as-pure-7.18.6.tgz",
      "integrity": "sha512-duORpUiYrEpzKIop6iNbjnwKLAKnJ47csTyRACyEmWj0QdUrm5aqNJGHSSEQSUAvNW0ojX0dOmK9dZduvkfeXA==",
      "dependencies": {
        "@babel/types": "^7.18.6"
      },
      "engines": {
        "node": ">=6.9.0"
      }
    },
    "node_modules/@babel/helper-builder-binary-assignment-operator-visitor": {
      "version": "7.18.9",
      "resolved": "https://registry.npmjs.org/@babel/helper-builder-binary-assignment-operator-visitor/-/helper-builder-binary-assignment-operator-visitor-7.18.9.tgz",
      "integrity": "sha512-yFQ0YCHoIqarl8BCRwBL8ulYUaZpz3bNsA7oFepAzee+8/+ImtADXNOmO5vJvsPff3qi+hvpkY/NYBTrBQgdNw==",
      "dependencies": {
        "@babel/helper-explode-assignable-expression": "^7.18.6",
        "@babel/types": "^7.18.9"
      },
      "engines": {
        "node": ">=6.9.0"
      }